Microsoft Visual Studio Solution File, Format Version 11.00
# Visual Studio 2008

Project("{CA6D9AC0-A702-5C43-D26F-9EC46D3ADBAB}") = "Test cardboard Unity Project", "Assembly-CSharp.csproj", "{58778A6F-E189-DECD-E16F-FB8C6D42304A}"
EndProject
Project("{CA6D9AC0-A702-5C43-D26F-9EC46D3ADBAB}") = "Test cardboard Unity Project", "Assembly-CSharp-Editor.csproj", "{20416556-D4E3-7F80-286B-5EFF7547A1F5}"
EndProject
Global
	GlobalSection(SolutionConfigurationPlatforms) = preSolution
		Debug|Any CPU = Debug|Any CPU
		Release|Any CPU = Release|Any CPU
	EndGlobalSection
	GlobalSection(ProjectConfigurationPlatforms) = postSolution
		{58778A6F-E189-DECD-E16F-FB8C6D42304A}.Debug|Any CPU.ActiveCfg = Debug|Any CPU
		{58778A6F-E189-DECD-E16F-FB8C6D42304A}.Debug|Any CPU.Build.0 = Debug|Any CPU
		{58778A6F-E189-DECD-E16F-FB8C6D42304A}.Release|Any CPU.ActiveCfg = Release|Any CPU
		{58778A6F-E189-DECD-E16F-FB8C6D42304A}.Release|Any CPU.Build.0 = Release|Any CPU
		{20416556-D4E3-7F80-286B-5EFF7547A1F5}.Debug|Any CPU.ActiveCfg = Debug|Any CPU
		{20416556-D4E3-7F80-286B-5EFF7547A1F5}.Debug|Any CPU.Build.0 = Debug|Any CPU
		{20416556-D4E3-7F80-286B-5EFF7547A1F5}.Release|Any CPU.ActiveCfg = Release|Any CPU
		{20416556-D4E3-7F80-286B-5EFF7547A1F5}.Release|Any CPU.Build.0 = Release|Any CPU
	EndGlobalSection
	GlobalSection(SolutionProperties) = preSolution
		HideSolutionNode = FALSE
	EndGlobalSection
	GlobalSection(MonoDevelopProperties) = preSolution
		StartupItem = Assembly-CSharp.csproj
	EndGlobalSection
EndGlobal
